// !$*UTF8*$!
{
	archiveVersion = 1;
	classes = {
	};
	objectVersion = 50;
	objects = {

/* Begin PBXBuildFile section */
		CB0A96E12FAED29B0075364C /* Airportrtlwm.hpp in Headers */ = {isa = PBXBuildFile; fileRef = CB0A96E02FAED29B0075364C /* Airportrtlwm.hpp */; };
		CB0A96E32FAED29B0075364C /* Airportrtlwm.cpp in Sources */ = {isa = PBXBuildFile; fileRef = CB0A96E22FAED29B0075364C /* Airportrtlwm.cpp */; };
		CB0A96EA2FAED29B0075364C /* AirportrtlwmDriver.hpp in Headers */ = {isa = PBXBuildFile; fileRef = CB0A96EB2FAED29B0075364C /* AirportrtlwmDriver.hpp */; };
		CB0A96EC2FAED29B0075364C /* AirportrtlwmDriver.cpp in Sources */ = {isa = PBXBuildFile; fileRef = CB0A96ED2FAED29B0075364C /* AirportrtlwmDriver.cpp */; };
		CB0A96EE2FAED29B0075364C /* MacOsBackendIOKit.hpp in Headers */ = {isa = PBXBuildFile; fileRef = CB0A96EF2FAED29B0075364C /* MacOsBackendIOKit.hpp */; };
		CB0A96F02FAED29B0075364C /* MacOsBackendIOKit.cpp in Sources */ = {isa = PBXBuildFile; fileRef = CB0A96F12FAED29B0075364C /* MacOsBackendIOKit.cpp */; };
		CB0A96F22FAED29B0075364C /* LinuxPortedCoreRtw88.hpp in Headers */ = {isa = PBXBuildFile; fileRef = CB0A96F32FAED29B0075364C /* LinuxPortedCoreRtw88.hpp */; };
		CB0A96F42FAED29B0075364C /* LinuxPortedCoreRtw88.cpp in Sources */ = {isa = PBXBuildFile; fileRef = CB0A96F52FAED29B0075364C /* LinuxPortedCoreRtw88.cpp */; };
/* End PBXBuildFile section */

/* Begin PBXFileReference section */
		CB0A96DD2FAED29B0075364C /* Airportrtlwm.kext */ = {isa = PBXFileReference; explicitFileType = wrapper.cfbundle; includeInIndex = 0; path = Airportrtlwm.kext; sourceTree = BUILT_PRODUCTS_DIR; };
		CB0A96E02FAED29B0075364C /* Airportrtlwm.hpp */ = {isa = PBXFileReference; lastKnownFileType = sourcecode.cpp.h; path = Airportrtlwm.hpp; sourceTree = "<group>"; };
		CB0A96E22FAED29B0075364C /* Airportrtlwm.cpp */ = {isa = PBXFileReference; lastKnownFileType = sourcecode.cpp.cpp; path = Airportrtlwm.cpp; sourceTree = "<group>"; };
		CB0A96E42FAED29B0075364C /* Info.plist */ = {isa = PBXFileReference; lastKnownFileType = text.plist.xml; path = Info.plist; sourceTree = "<group>"; };
		CB0A96EB2FAED29B0075364C /* AirportrtlwmDriver.hpp */ = {isa = PBXFileReference; lastKnownFileType = sourcecode.cpp.h; path = AirportrtlwmDriver.hpp; sourceTree = "<group>"; };
		CB0A96ED2FAED29B0075364C /* AirportrtlwmDriver.cpp */ = {isa = PBXFileReference; lastKnownFileType = sourcecode.cpp.cpp; path = AirportrtlwmDriver.cpp; sourceTree = "<group>"; };
		CB0A96EF2FAED29B0075364C /* MacOsBackendIOKit.hpp */ = {isa = PBXFileReference; lastKnownFileType = sourcecode.cpp.h; path = MacOsBackendIOKit.hpp; sourceTree = "<group>"; };
		CB0A96F12FAED29B0075364C /* MacOsBackendIOKit.cpp */ = {isa = PBXFileReference; lastKnownFileType = sourcecode.cpp.cpp; path = MacOsBackendIOKit.cpp; sourceTree = "<group>"; };
		CB0A96F32FAED29B0075364C /* LinuxPortedCoreRtw88.hpp */ = {isa = PBXFileReference; lastKnownFileType = sourcecode.cpp.h; path = LinuxPortedCoreRtw88.hpp; sourceTree = "<group>"; };
		CB0A96F52FAED29B0075364C /* LinuxPortedCoreRtw88.cpp */ = {isa = PBXFileReference; lastKnownFileType = sourcecode.cpp.cpp; path = LinuxPortedCoreRtw88.cpp; sourceTree = "<group>"; };
/* End PBXFileReference section */

/* Begin PBXFrameworksBuildPhase section */
		CB0A96DA2FAED29B0075364C /* Frameworks */ = {
			isa = PBXFrameworksBuildPhase;
			buildActionMask = 2147483647;
			files = (
			);
			runOnlyForDeploymentPostprocessing = 0;
		};
/* End PBXFrameworksBuildPhase section */

/* Begin PBXGroup section */
		CB0A96D32FAED29B0075364C = {
			isa = PBXGroup;
			children = (
				CB0A96DF2FAED29B0075364C /* Airportrtlwm */,
				CB0A96DE2FAED29B0075364C /* Products */,
			);
			sourceTree = "<group>";
		};
		CB0A96DE2FAED29B0075364C /* Products */ = {
			isa = PBXGroup;
			children = (
				CB0A96DD2FAED29B0075364C /* Airportrtlwm.kext */,
			);
			name = Products;
			sourceTree = "<group>";
		};
		CB0A96DF2FAED29B0075364C /* Airportrtlwm */ = {
			isa = PBXGroup;
			children = (
				CB0A96E02FAED29B0075364C /* Airportrtlwm.hpp */,
				CB0A96E22FAED29B0075364C /* Airportrtlwm.cpp */,
				CB0A96EB2FAED29B0075364C /* AirportrtlwmDriver.hpp */,
				CB0A96ED2FAED29B0075364C /* AirportrtlwmDriver.cpp */,
				CB0A96EF2FAED29B0075364C /* MacOsBackendIOKit.hpp */,
				CB0A96F12FAED29B0075364C /* MacOsBackendIOKit.cpp */,
				CB0A96F32FAED29B0075364C /* LinuxPortedCoreRtw88.hpp */,
				CB0A96F52FAED29B0075364C /* LinuxPortedCoreRtw88.cpp */,
				CB0A96E42FAED29B0075364C /* Info.plist */,
			);
			path = Airportrtlwm;
			sourceTree = "<group>";
		};
/* End PBXGroup section */

/* Begin PBXHeadersBuildPhase section */
		CB0A96D82FAED29B0075364C /* Headers */ = {
			isa = PBXHeadersBuildPhase;
			buildActionMask = 2147483647;
			files = (
				CB0A96F22FAED29B0075364C /* LinuxPortedCoreRtw88.hpp in Headers */,
				CB0A96EE2FAED29B0075364C /* MacOsBackendIOKit.hpp in Headers */,
				CB0A96EA2FAED29B0075364C /* AirportrtlwmDriver.hpp in Headers */,
				CB0A96E12FAED29B0075364C /* Airportrtlwm.hpp in Headers */,
			);
			runOnlyForDeploymentPostprocessing = 0;
		};
/* End PBXHeadersBuildPhase section */

/* Begin PBXNativeTarget section */
		CB0A96DC2FAED29B0075364C /* Airportrtlwm */ = {
			isa = PBXNativeTarget;
			buildConfigurationList = CB0A96E72FAED29B0075364C /* Build configuration list for PBXNativeTarget "Airportrtlwm" */;
			buildPhases = (
				CB0A96D82FAED29B0075364C /* Headers */,
				CB0A96D92FAED29B0075364C /* Sources */,
				CB0A96DA2FAED29B0075364C /* Frameworks */,
				CB0A96DB2FAED29B0075364C /* Resources */,
			);
			buildRules = (
			);
			dependencies = (
			);
			name = Airportrtlwm;
			productName = Airportrtlwm;
			productReference = CB0A96DD2FAED29B0075364C /* Airportrtlwm.kext */;
			productType = "com.apple.product-type.kernel-extension";
		};
/* End PBXNativeTarget section */

/* Begin PBXProject section */
		CB0A96D42FAED29B0075364C /* Project object */ = {
			isa = PBXProject;
			attributes = {
				LastUpgradeCheck = 1170;
				ORGANIZATIONNAME = Play;
				TargetAttributes = {
					CB0A96DC2FAED29B0075364C = {
						CreatedOnToolsVersion = 11.7;
					};
				};
			};
			buildConfigurationList = CB0A96D72FAED29B0075364C /* Build configuration list for PBXProject "Airportrtlwm" */;
			compatibilityVersion = "Xcode 9.3";
			developmentRegion = en;
			hasScannedForEncodings = 0;
			knownRegions = (
				en,
				Base,
			);
			mainGroup = CB0A96D32FAED29B0075364C;
			productRefGroup = CB0A96DE2FAED29B0075364C /* Products */;
			projectDirPath = "";
			projectRoot = "";
			targets = (
				CB0A96DC2FAED29B0075364C /* Airportrtlwm */,
			);
		};
/* End PBXProject section */

/* Begin PBXResourcesBuildPhase section */
		CB0A96DB2FAED29B0075364C /* Resources */ = {
			isa = PBXResourcesBuildPhase;
			buildActionMask = 2147483647;
			files = (
			);
			runOnlyForDeploymentPostprocessing = 0;
		};
/* End PBXResourcesBuildPhase section */

/* Begin PBXSourcesBuildPhase section */
		CB0A96D92FAED29B0075364C /* Sources */ = {
			isa = PBXSourcesBuildPhase;
			buildActionMask = 2147483647;
			files = (
				CB0A96F42FAED29B0075364C /* LinuxPortedCoreRtw88.cpp in Sources */,
				CB0A96F02FAED29B0075364C /* MacOsBackendIOKit.cpp in Sources */,
				CB0A96EC2FAED29B0075364C /* AirportrtlwmDriver.cpp in Sources */,
				CB0A96E32FAED29B0075364C /* Airportrtlwm.cpp in Sources */,
			);
			runOnlyForDeploymentPostprocessing = 0;
		};
/* End PBXSourcesBuildPhase section */

/* Begin XCBuildConfiguration section */
		CB0A96E52FAED29B0075364C /* Debug */ = {
			isa = XCBuildConfiguration;
			buildSettings = {
				ALWAYS_SEARCH_USER_PATHS = NO;
				CLANG_ANALYZER_NONNULL = YES;
				CLANG_ANALYZER_NUMBER_OBJECT_CONVERSION = YES_AGGRESSIVE;
				CLANG_CXX_LANGUAGE_STANDARD = "gnu++14";
				CLANG_CXX_LIBRARY = "libc++";
				CLANG_ENABLE_MODULES = YES;
				CLANG_ENABLE_OBJC_ARC = YES;
				CLANG_ENABLE_OBJC_WEAK = YES;
				CLANG_WARN_BLOCK_CAPTURE_AUTORELEASING = YES;
				CLANG_WARN_BOOL_CONVERSION = YES;
				CLANG_WARN_COMMA = YES;
				CLANG_WARN_CONSTANT_CONVERSION = YES;
				CLANG_WARN_DEPRECATED_OBJC_IMPLEMENTATIONS = YES;
				CLANG_WARN_DIRECT_OBJC_ISA_USAGE = YES_ERROR;
				CLANG_WARN_DOCUMENTATION_COMMENTS = YES;
				CLANG_WARN_EMPTY_BODY = YES;
				CLANG_WARN_ENUM_CONVERSION = YES;
				CLANG_WARN_INFINITE_RECURSION = YES;
				CLANG_WARN_INT_CONVERSION = YES;
				CLANG_WARN_NON_LITERAL_NULL_CONVERSION = YES;
				CLANG_WARN_OBJC_IMPLICIT_RETAIN_SELF = YES;
				CLANG_WARN_OBJC_LITERAL_CONVERSION = YES;
				CLANG_WARN_OBJC_ROOT_CLASS = YES_ERROR;
				CLANG_WARN_RANGE_LOOP_ANALYSIS = YES;
				CLANG_WARN_STRICT_PROTOTYPES = YES;
				CLANG_WARN_SUSPICIOUS_MOVE = YES;
				CLANG_WARN_UNGUARDED_AVAILABILITY = YES_AGGRESSIVE;
				CLANG_WARN_UNREACHABLE_CODE = YES;
				CLANG_WARN__DUPLICATE_METHOD_MATCH = YES;
				COPY_PHASE_STRIP = NO;
				DEBUG_INFORMATION_FORMAT = dwarf;
				ENABLE_STRICT_OBJC_MSGSEND = YES;
				ENABLE_TESTABILITY = YES;
				GCC_C_LANGUAGE_STANDARD = gnu11;
				GCC_DYNAMIC_NO_PIC = NO;
				GCC_NO_COMMON_BLOCKS = YES;
				GCC_OPTIMIZATION_LEVEL = 0;
				GCC_PREPROCESSOR_DEFINITIONS = (
					"DEBUG=1",
					"$(inherited)",
				);
				GCC_WARN_64_TO_32_BIT_CONVERSION = YES;
				GCC_WARN_ABOUT_RETURN_TYPE = YES_ERROR;
				GCC_WARN_UNDECLARED_SELECTOR = YES;
				GCC_WARN_UNINITIALIZED_AUTOS = YES_AGGRESSIVE;
				GCC_WARN_UNUSED_FUNCTION = YES;
				GCC_WARN_UNUSED_VARIABLE = YES;
				MACOSX_DEPLOYMENT_TARGET = 10.15;
				MTL_ENABLE_DEBUG_INFO = INCLUDE_SOURCE;
				MTL_FAST_MATH = YES;
				ONLY_ACTIVE_ARCH = YES;
				SDKROOT = macosx;
			};
			name = Debug;
		};
		CB0A96E62FAED29B0075364C /* Release */ = {
			isa = XCBuildConfiguration;
			buildSettings = {
				ALWAYS_SEARCH_USER_PATHS = NO;
				CLANG_ANALYZER_NONNULL = YES;
				CLANG_ANALYZER_NUMBER_OBJECT_CONVERSION = YES_AGGRESSIVE;
				CLANG_CXX_LANGUAGE_STANDARD = "gnu++14";
				CLANG_CXX_LIBRARY = "libc++";
				CLANG_ENABLE_MODULES = YES;
				CLANG_ENABLE_OBJC_ARC = YES;
				CLANG_ENABLE_OBJC_WEAK = YES;
				CLANG_WARN_BLOCK_CAPTURE_AUTORELEASING = YES;
				CLANG_WARN_BOOL_CONVERSION = YES;
				CLANG_WARN_COMMA = YES;
				CLANG_WARN_CONSTANT_CONVERSION = YES;
				CLANG_WARN_DEPRECATED_OBJC_IMPLEMENTATIONS = YES;
				CLANG_WARN_DIRECT_OBJC_ISA_USAGE = YES_ERROR;
				CLANG_WARN_DOCUMENTATION_COMMENTS = YES;
				CLANG_WARN_EMPTY_BODY = YES;
				CLANG_WARN_ENUM_CONVERSION = YES;
				CLANG_WARN_INFINITE_RECURSION = YES;
				CLANG_WARN_INT_CONVERSION = YES;
				CLANG_WARN_NON_LITERAL_NULL_CONVERSION = YES;
				CLANG_WARN_OBJC_IMPLICIT_RETAIN_SELF = YES;
				CLANG_WARN_OBJC_LITERAL_CONVERSION = YES;
				CLANG_WARN_OBJC_ROOT_CLASS = YES_ERROR;
				CLANG_WARN_RANGE_LOOP_ANALYSIS = YES;
				CLANG_WARN_STRICT_PROTOTYPES = YES;
				CLANG_WARN_SUSPICIOUS_MOVE = YES;
				CLANG_WARN_UNGUARDED_AVAILABILITY = YES_AGGRESSIVE;
				CLANG_WARN_UNREACHABLE_CODE = YES;
				CLANG_WARN__DUPLICATE_METHOD_MATCH = YES;
				COPY_PHASE_STRIP = NO;
				DEBUG_INFORMATION_FORMAT = "dwarf-with-dsym";
				ENABLE_NS_ASSERTIONS = NO;
				ENABLE_STRICT_OBJC_MSGSEND = YES;
				GCC_C_LANGUAGE_STANDARD = gnu11;
				GCC_NO_COMMON_BLOCKS = YES;
				GCC_WARN_64_TO_32_BIT_CONVERSION = YES;
				GCC_WARN_ABOUT_RETURN_TYPE = YES_ERROR;
				GCC_WARN_UNDECLARED_SELECTOR = YES;
				GCC_WARN_UNINITIALIZED_AUTOS = YES_AGGRESSIVE;
				GCC_WARN_UNUSED_FUNCTION = YES;
				GCC_WARN_UNUSED_VARIABLE = YES;
				MACOSX_DEPLOYMENT_TARGET = 10.15;
				MTL_ENABLE_DEBUG_INFO = NO;
				MTL_FAST_MATH = YES;
				SDKROOT = macosx;
			};
			name = Release;
		};
		CB0A96E82FAED29B0075364C /* Debug */ = {
			isa = XCBuildConfiguration;
			buildSettings = {
				CODE_SIGN_STYLE = Automatic;
				COMBINE_HIDPI_IMAGES = YES;
				CURRENT_PROJECT_VERSION = 1.0.0d1;
				DEVELOPMENT_TEAM = M37Q3BB5FF;
				INFOPLIST_FILE = Airportrtlwm/Info.plist;
				MODULE_NAME = com.play.Airportrtlwm;
				MODULE_VERSION = 1.0.0d1;
				PRODUCT_BUNDLE_IDENTIFIER = com.play.Airportrtlwm;
				PRODUCT_NAME = "$(TARGET_NAME)";
				WRAPPER_EXTENSION = kext;
			};
			name = Debug;
		};
		CB0A96E92FAED29B0075364C /* Release */ = {
			isa = XCBuildConfiguration;
			buildSettings = {
				CODE_SIGN_STYLE = Automatic;
				COMBINE_HIDPI_IMAGES = YES;
				CURRENT_PROJECT_VERSION = 1.0.0d1;
				DEVELOPMENT_TEAM = M37Q3BB5FF;
				INFOPLIST_FILE = Airportrtlwm/Info.plist;
				MODULE_NAME = com.play.Airportrtlwm;
				MODULE_VERSION = 1.0.0d1;
				PRODUCT_BUNDLE_IDENTIFIER = com.play.Airportrtlwm;
				PRODUCT_NAME = "$(TARGET_NAME)";
				WRAPPER_EXTENSION = kext;
			};
			name = Release;
		};
/* End XCBuildConfiguration section */

/* Begin XCConfigurationList section */
		CB0A96D72FAED29B0075364C /* Build configuration list for PBXProject "Airportrtlwm" */ = {
			isa = XCConfigurationList;
			buildConfigurations = (
				CB0A96E52FAED29B0075364C /* Debug */,
				CB0A96E62FAED29B0075364C /* Release */,
			);
			defaultConfigurationIsVisible = 0;
			defaultConfigurationName = Release;
		};
		CB0A96E72FAED29B0075364C /* Build configuration list for PBXNativeTarget "Airportrtlwm" */ = {
			isa = XCConfigurationList;
			buildConfigurations = (
				CB0A96E82FAED29B0075364C /* Debug */,
				CB0A96E92FAED29B0075364C /* Release */,
			);
			defaultConfigurationIsVisible = 0;
			defaultConfigurationName = Release;
		};
/* End XCConfigurationList section */
	};
	rootObject = CB0A96D42FAED29B0075364C /* Project object */;
}
